
Microsoft Visual Studio Solution File, Format Version 12.00
# Visual Studio Version 17
VisualStudioVersion = 17.8.34330.188
MinimumVisualStudioVersion = 10.0.40219.1
Project("{FAE04EC0-301F-11D3-BF4B-00C04F79EFBC}") = "FirstProject", "FirstProject\FirstProject.csproj", "{402BF596-3ADA-4BEF-8AF7-7839B03D525A}"
EndProject
Global
	GlobalSection(SolutionConfigurationPlatforms) = preSolution
		Debug|Any CPU = Debug|Any CPU
		Release|Any CPU = Release|Any CPU
	EndGlobalSection
	GlobalSection(ProjectConfigurationPlatforms) = postSolution
		{402BF596-3ADA-4BEF-8AF7-7839B03D525A}.Debug|Any CPU.ActiveCfg = Debug|Any CPU
		{402BF596-3ADA-4BEF-8AF7-7839B03D525A}.Debug|Any CPU.Build.0 = Debug|Any CPU
		{402BF596-3ADA-4BEF-8AF7-7839B03D525A}.Release|Any CPU.ActiveCfg = Release|Any CPU
		{402BF596-3ADA-4BEF-8AF7-7839B03D525A}.Release|Any CPU.Build.0 = Release|Any CPU
	EndGlobalSection
	GlobalSection(SolutionProperties) = preSolution
		HideSolutionNode = FALSE
	EndGlobalSection
	GlobalSection(ExtensibilityGlobals) = postSolution
		SolutionGuid = {723DF43C-5FD0-484B-BB52-8FA053C37A13}
	EndGlobalSection
EndGlobal
